
Microsoft Visual Studio Solution File, Format Version 12.00
# Visual Studio Version 17
VisualStudioVersion = 17.14.36811.4
MinimumVisualStudioVersion = 10.0.40219.1
Project("{2150E333-8FDC-42A3-9474-1A3956D46DE8}") = "Éléments de solution", "Éléments de solution", "{9C8CB701-102D-CF49-A3E0-89AC09D42C2C}"
	ProjectSection(SolutionItems) = preProject
		.gitattributes = .gitattributes
		.gitignore = .gitignore
		CONTRIBUTING.md = CONTRIBUTING.md
		LICENSE.txt = LICENSE.txt
		package.json = package.json
		README.md = README.md
	EndProjectSection
EndProject
Project("{2150E333-8FDC-42A3-9474-1A3956D46DE8}") = "Sources", "Sources", "{02EA681E-C7D8-13C7-8484-4AC65E1B71E8}"
EndProject
Project("{FAE04EC0-301F-11D3-BF4B-00C04F79EFBC}") = "ParentheseDoree.Managely.App", "sources\ParentheseDoree.Managely.App\ParentheseDoree.Managely.App.csproj", "{E3255879-601F-4B87-8CC6-AE76127DACF2}"
EndProject
Global
	GlobalSection(SolutionConfigurationPlatforms) = preSolution
		Debug|Any CPU = Debug|Any CPU
		Release|Any CPU = Release|Any CPU
	EndGlobalSection
	GlobalSection(ProjectConfigurationPlatforms) = postSolution
		{E3255879-601F-4B87-8CC6-AE76127DACF2}.Debug|Any CPU.ActiveCfg = Debug|Any CPU
		{E3255879-601F-4B87-8CC6-AE76127DACF2}.Debug|Any CPU.Build.0 = Debug|Any CPU
		{E3255879-601F-4B87-8CC6-AE76127DACF2}.Release|Any CPU.ActiveCfg = Release|Any CPU
		{E3255879-601F-4B87-8CC6-AE76127DACF2}.Release|Any CPU.Build.0 = Release|Any CPU
	EndGlobalSection
	GlobalSection(SolutionProperties) = preSolution
		HideSolutionNode = FALSE
	EndGlobalSection
	GlobalSection(NestedProjects) = preSolution
		{E3255879-601F-4B87-8CC6-AE76127DACF2} = {02EA681E-C7D8-13C7-8484-4AC65E1B71E8}
	EndGlobalSection
	GlobalSection(ExtensibilityGlobals) = postSolution
		SolutionGuid = {5C5CC418-F482-4D48-AFEE-5A3DE40AE17B}
	EndGlobalSection
EndGlobal
